// !$*UTF8*$!
{
	archiveVersion = 1;
	classes = {
	};
	objectVersion = 50;
	objects = {

/* Begin PBXBuildFile section */
		2A5B5FF822F5DE7600A1BF09 /* LeetCode.framework in Frameworks */ = {isa = PBXBuildFile; fileRef = 2A5B5FEE22F5DE7600A1BF09 /* LeetCode.framework */; };
		2A5B5FFF22F5DE7600A1BF09 /* LeetCode.h in Headers */ = {isa = PBXBuildFile; fileRef = 2A5B5FF122F5DE7600A1BF09 /* LeetCode.h */; settings = {ATTRIBUTES = (Public, ); }; };
		2A5B600922F5DE9E00A1BF09 /* Problem543.swift in Sources */ = {isa = PBXBuildFile; fileRef = 2A5B600822F5DE9E00A1BF09 /* Problem543.swift */; };
		2A5B600D22F5DF0600A1BF09 /* Tree.swift in Sources */ = {isa = PBXBuildFile; fileRef = 2A5B600C22F5DF0600A1BF09 /* Tree.swift */; };
		2A5B600F22F5E0A400A1BF09 /* TreeTests.swift in Sources */ = {isa = PBXBuildFile; fileRef = 2A5B600E22F5E0A400A1BF09 /* TreeTests.swift */; };
		2A5B601122F708AF00A1BF09 /* Problem543Tests.swift in Sources */ = {isa = PBXBuildFile; fileRef = 2A5B601022F708AF00A1BF09 /* Problem543Tests.swift */; };
		2A5B839F2343AA51004D9389 /* Problem322.swift in Sources */ = {isa = PBXBuildFile; fileRef = 2A5B839E2343AA51004D9389 /* Problem322.swift */; };
		2A5B83A12343AAA2004D9389 /* Problem322Tests.swift in Sources */ = {isa = PBXBuildFile; fileRef = 2A5B83A02343AAA2004D9389 /* Problem322Tests.swift */; };
		2A706B132348D4C000FDD7C4 /* Problem256.swift in Sources */ = {isa = PBXBuildFile; fileRef = 2A706B122348D4C000FDD7C4 /* Problem256.swift */; };
		2A706B152348DA6700FDD7C4 /* Problem256Tests.swift in Sources */ = {isa = PBXBuildFile; fileRef = 2A706B142348DA6700FDD7C4 /* Problem256Tests.swift */; };
		2A706B172348EB9700FDD7C4 /* Problem91.swift in Sources */ = {isa = PBXBuildFile; fileRef = 2A706B162348EB9700FDD7C4 /* Problem91.swift */; };
		2A706B192348F55900FDD7C4 /* Problem91Tests.swift in Sources */ = {isa = PBXBuildFile; fileRef = 2A706B182348F55900FDD7C4 /* Problem91Tests.swift */; };
		2A82BBE1234494AF00F0D932 /* Problem.swift in Sources */ = {isa = PBXBuildFile; fileRef = 2A82BBE0234494AF00F0D932 /* Problem.swift */; };
		2ABB864E2344D1B2004C8DFC /* Problem62.swift in Sources */ = {isa = PBXBuildFile; fileRef = 2ABB864D2344D1B2004C8DFC /* Problem62.swift */; };
		2ABFF4962344DFD100D63ED8 /* Problem62Tests.swift in Sources */ = {isa = PBXBuildFile; fileRef = 2ABFF4952344DFD100D63ED8 /* Problem62Tests.swift */; };
		2ABFF4982344E62100D63ED8 /* Problem55.swift in Sources */ = {isa = PBXBuildFile; fileRef = 2ABFF4972344E62100D63ED8 /* Problem55.swift */; };
		2ABFF49A2344EAFD00D63ED8 /* Problem55Tests.swift in Sources */ = {isa = PBXBuildFile; fileRef = 2ABFF4992344EAFD00D63ED8 /* Problem55Tests.swift */; };
		2AE41D6A23477B7600105341 /* Problem63.swift in Sources */ = {isa = PBXBuildFile; fileRef = 2AE41D6923477B7600105341 /* Problem63.swift */; };
		2AE41D6C2347828B00105341 /* Problem63Tests.swift in Sources */ = {isa = PBXBuildFile; fileRef = 2AE41D6B2347828B00105341 /* Problem63Tests.swift */; };
/* End PBXBuildFile section */

/* Begin PBXContainerItemProxy section */
		2A5B5FF922F5DE7600A1BF09 /* PBXContainerItemProxy */ = {
			isa = PBXContainerItemProxy;
			containerPortal = 2A5B5FE522F5DE7600A1BF09 /* Project object */;
			proxyType = 1;
			remoteGlobalIDString = 2A5B5FED22F5DE7600A1BF09;
			remoteInfo = LeetCode;
		};
/* End PBXContainerItemProxy section */

/* Begin PBXFileReference section */
		2A5B5FEE22F5DE7600A1BF09 /* LeetCode.framework */ = {isa = PBXFileReference; explicitFileType = wrapper.framework; includeInIndex = 0; path = LeetCode.framework; sourceTree = BUILT_PRODUCTS_DIR; };
		2A5B5FF122F5DE7600A1BF09 /* LeetCode.h */ = {isa = PBXFileReference; lastKnownFileType = sourcecode.c.h; path = LeetCode.h; sourceTree = "<group>"; };
		2A5B5FF222F5DE7600A1BF09 /* Info.plist */ = {isa = PBXFileReference; lastKnownFileType = text.plist.xml; path = Info.plist; sourceTree = "<group>"; };
		2A5B5FF722F5DE7600A1BF09 /* LeetCodeTests.xctest */ = {isa = PBXFileReference; explicitFileType = wrapper.cfbundle; includeInIndex = 0; path = LeetCodeTests.xctest; sourceTree = BUILT_PRODUCTS_DIR; };
		2A5B5FFE22F5DE7600A1BF09 /* Info.plist */ = {isa = PBXFileReference; lastKnownFileType = text.plist.xml; path = Info.plist; sourceTree = "<group>"; };
		2A5B600822F5DE9E00A1BF09 /* Problem543.swift */ = {isa = PBXFileReference; lastKnownFileType = sourcecode.swift; path = Problem543.swift; sourceTree = "<group>"; };
		2A5B600C22F5DF0600A1BF09 /* Tree.swift */ = {isa = PBXFileReference; lastKnownFileType = sourcecode.swift; path = Tree.swift; sourceTree = "<group>"; };
		2A5B600E22F5E0A400A1BF09 /* TreeTests.swift */ = {isa = PBXFileReference; lastKnownFileType = sourcecode.swift; path = TreeTests.swift; sourceTree = "<group>"; };
		2A5B601022F708AF00A1BF09 /* Problem543Tests.swift */ = {isa = PBXFileReference; lastKnownFileType = sourcecode.swift; path = Problem543Tests.swift; sourceTree = "<group>"; };
		2A5B839E2343AA51004D9389 /* Problem322.swift */ = {isa = PBXFileReference; lastKnownFileType = sourcecode.swift; path = Problem322.swift; sourceTree = "<group>"; };
		2A5B83A02343AAA2004D9389 /* Problem322Tests.swift */ = {isa = PBXFileReference; lastKnownFileType = sourcecode.swift; path = Problem322Tests.swift; sourceTree = "<group>"; };
		2A706B122348D4C000FDD7C4 /* Problem256.swift */ = {isa = PBXFileReference; lastKnownFileType = sourcecode.swift; path = Problem256.swift; sourceTree = "<group>"; };
		2A706B142348DA6700FDD7C4 /* Problem256Tests.swift */ = {isa = PBXFileReference; lastKnownFileType = sourcecode.swift; path = Problem256Tests.swift; sourceTree = "<group>"; };
		2A706B162348EB9700FDD7C4 /* Problem91.swift */ = {isa = PBXFileReference; lastKnownFileType = sourcecode.swift; path = Problem91.swift; sourceTree = "<group>"; };
		2A706B182348F55900FDD7C4 /* Problem91Tests.swift */ = {isa = PBXFileReference; lastKnownFileType = sourcecode.swift; path = Problem91Tests.swift; sourceTree = "<group>"; };
		2A82BBE0234494AF00F0D932 /* Problem.swift */ = {isa = PBXFileReference; lastKnownFileType = sourcecode.swift; path = Problem.swift; sourceTree = "<group>"; };
		2ABB864D2344D1B2004C8DFC /* Problem62.swift */ = {isa = PBXFileReference; lastKnownFileType = sourcecode.swift; path = Problem62.swift; sourceTree = "<group>"; };
		2ABFF4952344DFD100D63ED8 /* Problem62Tests.swift */ = {isa = PBXFileReference; lastKnownFileType = sourcecode.swift; path = Problem62Tests.swift; sourceTree = "<group>"; };
		2ABFF4972344E62100D63ED8 /* Problem55.swift */ = {isa = PBXFileReference; lastKnownFileType = sourcecode.swift; path = Problem55.swift; sourceTree = "<group>"; };
		2ABFF4992344EAFD00D63ED8 /* Problem55Tests.swift */ = {isa = PBXFileReference; lastKnownFileType = sourcecode.swift; path = Problem55Tests.swift; sourceTree = "<group>"; };
		2AE41D6923477B7600105341 /* Problem63.swift */ = {isa = PBXFileReference; lastKnownFileType = sourcecode.swift; path = Problem63.swift; sourceTree = "<group>"; };
		2AE41D6B2347828B00105341 /* Problem63Tests.swift */ = {isa = PBXFileReference; lastKnownFileType = sourcecode.swift; path = Problem63Tests.swift; sourceTree = "<group>"; };
/* End PBXFileReference section */

/* Begin PBXFrameworksBuildPhase section */
		2A5B5FEB22F5DE7600A1BF09 /* Frameworks */ = {
			isa = PBXFrameworksBuildPhase;
			buildActionMask = 2147483647;
			files = (
			);
			runOnlyForDeploymentPostprocessing = 0;
		};
		2A5B5FF422F5DE7600A1BF09 /* Frameworks */ = {
			isa = PBXFrameworksBuildPhase;
			buildActionMask = 2147483647;
			files = (
				2A5B5FF822F5DE7600A1BF09 /* LeetCode.framework in Frameworks */,
			);
			runOnlyForDeploymentPostprocessing = 0;
		};
/* End PBXFrameworksBuildPhase section */

/* Begin PBXGroup section */
		2A5B5FE422F5DE7600A1BF09 = {
			isa = PBXGroup;
			children = (
				2A5B5FF022F5DE7600A1BF09 /* LeetCode */,
				2A5B5FFB22F5DE7600A1BF09 /* LeetCodeTests */,
				2A5B5FEF22F5DE7600A1BF09 /* Products */,
			);
			sourceTree = "<group>";
		};
		2A5B5FEF22F5DE7600A1BF09 /* Products */ = {
			isa = PBXGroup;
			children = (
				2A5B5FEE22F5DE7600A1BF09 /* LeetCode.framework */,
				2A5B5FF722F5DE7600A1BF09 /* LeetCodeTests.xctest */,
			);
			name = Products;
			sourceTree = "<group>";
		};
		2A5B5FF022F5DE7600A1BF09 /* LeetCode */ = {
			isa = PBXGroup;
			children = (
				2A5B600B22F5DEDB00A1BF09 /* DataStructure */,
				2A5B600A22F5DEBF00A1BF09 /* Problems */,
				2A5B5FF122F5DE7600A1BF09 /* LeetCode.h */,
				2A5B5FF222F5DE7600A1BF09 /* Info.plist */,
			);
			path = LeetCode;
			sourceTree = "<group>";
		};
		2A5B5FFB22F5DE7600A1BF09 /* LeetCodeTests */ = {
			isa = PBXGroup;
			children = (
				2A5B5FFE22F5DE7600A1BF09 /* Info.plist */,
				2ABFF4992344EAFD00D63ED8 /* Problem55Tests.swift */,
				2ABFF4952344DFD100D63ED8 /* Problem62Tests.swift */,
				2AE41D6B2347828B00105341 /* Problem63Tests.swift */,
				2A706B182348F55900FDD7C4 /* Problem91Tests.swift */,
				2A706B142348DA6700FDD7C4 /* Problem256Tests.swift */,
				2A5B83A02343AAA2004D9389 /* Problem322Tests.swift */,
				2A5B601022F708AF00A1BF09 /* Problem543Tests.swift */,
				2A5B600E22F5E0A400A1BF09 /* TreeTests.swift */,
			);
			path = LeetCodeTests;
			sourceTree = "<group>";
		};
		2A5B600A22F5DEBF00A1BF09 /* Problems */ = {
			isa = PBXGroup;
			children = (
				2A82BBE0234494AF00F0D932 /* Problem.swift */,
				2ABFF4972344E62100D63ED8 /* Problem55.swift */,
				2ABB864D2344D1B2004C8DFC /* Problem62.swift */,
				2AE41D6923477B7600105341 /* Problem63.swift */,
				2A706B162348EB9700FDD7C4 /* Problem91.swift */,
				2A706B122348D4C000FDD7C4 /* Problem256.swift */,
				2A5B839E2343AA51004D9389 /* Problem322.swift */,
				2A5B600822F5DE9E00A1BF09 /* Problem543.swift */,
			);
			name = Problems;
			sourceTree = "<group>";
		};
		2A5B600B22F5DEDB00A1BF09 /* DataStructure */ = {
			isa = PBXGroup;
			children = (
				2A5B600C22F5DF0600A1BF09 /* Tree.swift */,
			);
			path = DataStructure;
			sourceTree = "<group>";
		};
/* End PBXGroup section */

/* Begin PBXHeadersBuildPhase section */
		2A5B5FE922F5DE7600A1BF09 /* Headers */ = {
			isa = PBXHeadersBuildPhase;
			buildActionMask = 2147483647;
			files = (
				2A5B5FFF22F5DE7600A1BF09 /* LeetCode.h in Headers */,
			);
			runOnlyForDeploymentPostprocessing = 0;
		};
/* End PBXHeadersBuildPhase section */

/* Begin PBXNativeTarget section */
		2A5B5FED22F5DE7600A1BF09 /* LeetCode */ = {
			isa = PBXNativeTarget;
			buildConfigurationList = 2A5B600222F5DE7600A1BF09 /* Build configuration list for PBXNativeTarget "LeetCode" */;
			buildPhases = (
				2A5B5FE922F5DE7600A1BF09 /* Headers */,
				2A5B5FEA22F5DE7600A1BF09 /* Sources */,
				2A5B5FEB22F5DE7600A1BF09 /* Frameworks */,
				2A5B5FEC22F5DE7600A1BF09 /* Resources */,
			);
			buildRules = (
			);
			dependencies = (
			);
			name = LeetCode;
			productName = LeetCode;
			productReference = 2A5B5FEE22F5DE7600A1BF09 /* LeetCode.framework */;
			productType = "com.apple.product-type.framework";
		};
		2A5B5FF622F5DE7600A1BF09 /* LeetCodeTests */ = {
			isa = PBXNativeTarget;
			buildConfigurationList = 2A5B600522F5DE7600A1BF09 /* Build configuration list for PBXNativeTarget "LeetCodeTests" */;
			buildPhases = (
				2A5B5FF322F5DE7600A1BF09 /* Sources */,
				2A5B5FF422F5DE7600A1BF09 /* Frameworks */,
				2A5B5FF522F5DE7600A1BF09 /* Resources */,
			);
			buildRules = (
			);
			dependencies = (
				2A5B5FFA22F5DE7600A1BF09 /* PBXTargetDependency */,
			);
			name = LeetCodeTests;
			productName = LeetCodeTests;
			productReference = 2A5B5FF722F5DE7600A1BF09 /* LeetCodeTests.xctest */;
			productType = "com.apple.product-type.bundle.unit-test";
		};
/* End PBXNativeTarget section */

/* Begin PBXProject section */
		2A5B5FE522F5DE7600A1BF09 /* Project object */ = {
			isa = PBXProject;
			attributes = {
				LastSwiftUpdateCheck = 1100;
				LastUpgradeCheck = 1100;
				ORGANIZATIONNAME = smart;
				TargetAttributes = {
					2A5B5FED22F5DE7600A1BF09 = {
						CreatedOnToolsVersion = 11.0;
						LastSwiftMigration = 1100;
					};
					2A5B5FF622F5DE7600A1BF09 = {
						CreatedOnToolsVersion = 11.0;
					};
				};
			};
			buildConfigurationList = 2A5B5FE822F5DE7600A1BF09 /* Build configuration list for PBXProject "LeetCode" */;
			compatibilityVersion = "Xcode 9.3";
			developmentRegion = en;
			hasScannedForEncodings = 0;
			knownRegions = (
				en,
				Base,
			);
			mainGroup = 2A5B5FE422F5DE7600A1BF09;
			productRefGroup = 2A5B5FEF22F5DE7600A1BF09 /* Products */;
			projectDirPath = "";
			projectRoot = "";
			targets = (
				2A5B5FED22F5DE7600A1BF09 /* LeetCode */,
				2A5B5FF622F5DE7600A1BF09 /* LeetCodeTests */,
			);
		};
/* End PBXProject section */

/* Begin PBXResourcesBuildPhase section */
		2A5B5FEC22F5DE7600A1BF09 /* Resources */ = {
			isa = PBXResourcesBuildPhase;
			buildActionMask = 2147483647;
			files = (
			);
			runOnlyForDeploymentPostprocessing = 0;
		};
		2A5B5FF522F5DE7600A1BF09 /* Resources */ = {
			isa = PBXResourcesBuildPhase;
			buildActionMask = 2147483647;
			files = (
			);
			runOnlyForDeploymentPostprocessing = 0;
		};
/* End PBXResourcesBuildPhase section */

/* Begin PBXSourcesBuildPhase section */
		2A5B5FEA22F5DE7600A1BF09 /* Sources */ = {
			isa = PBXSourcesBuildPhase;
			buildActionMask = 2147483647;
			files = (
				2A5B600922F5DE9E00A1BF09 /* Problem543.swift in Sources */,
				2A706B132348D4C000FDD7C4 /* Problem256.swift in Sources */,
				2A82BBE1234494AF00F0D932 /* Problem.swift in Sources */,
				2A5B600D22F5DF0600A1BF09 /* Tree.swift in Sources */,
				2ABB864E2344D1B2004C8DFC /* Problem62.swift in Sources */,
				2A706B172348EB9700FDD7C4 /* Problem91.swift in Sources */,
				2AE41D6A23477B7600105341 /* Problem63.swift in Sources */,
				2A5B839F2343AA51004D9389 /* Problem322.swift in Sources */,
				2ABFF4982344E62100D63ED8 /* Problem55.swift in Sources */,
			);
			runOnlyForDeploymentPostprocessing = 0;
		};
		2A5B5FF322F5DE7600A1BF09 /* Sources */ = {
			isa = PBXSourcesBuildPhase;
			buildActionMask = 2147483647;
			files = (
				2AE41D6C2347828B00105341 /* Problem63Tests.swift in Sources */,
				2ABFF49A2344EAFD00D63ED8 /* Problem55Tests.swift in Sources */,
				2A706B152348DA6700FDD7C4 /* Problem256Tests.swift in Sources */,
				2A5B601122F708AF00A1BF09 /* Problem543Tests.swift in Sources */,
				2A5B600F22F5E0A400A1BF09 /* TreeTests.swift in Sources */,
				2A706B192348F55900FDD7C4 /* Problem91Tests.swift in Sources */,
				2A5B83A12343AAA2004D9389 /* Problem322Tests.swift in Sources */,
				2ABFF4962344DFD100D63ED8 /* Problem62Tests.swift in Sources */,
			);
			runOnlyForDeploymentPostprocessing = 0;
		};
/* End PBXSourcesBuildPhase section */

/* Begin PBXTargetDependency section */
		2A5B5FFA22F5DE7600A1BF09 /* PBXTargetDependency */ = {
			isa = PBXTargetDependency;
			target = 2A5B5FED22F5DE7600A1BF09 /* LeetCode */;
			targetProxy = 2A5B5FF922F5DE7600A1BF09 /* PBXContainerItemProxy */;
		};
/* End PBXTargetDependency section */

/* Begin XCBuildConfiguration section */
		2A5B600022F5DE7600A1BF09 /* Debug */ = {
			isa = XCBuildConfiguration;
			buildSettings = {
				ALWAYS_SEARCH_USER_PATHS = NO;
				CLANG_ANALYZER_NONNULL = YES;
				CLANG_ANALYZER_NUMBER_OBJECT_CONVERSION = YES_AGGRESSIVE;
				CLANG_CXX_LANGUAGE_STANDARD = "gnu++14";
				CLANG_CXX_LIBRARY = "libc++";
				CLANG_ENABLE_MODULES = YES;
				CLANG_ENABLE_OBJC_ARC = YES;
				CLANG_ENABLE_OBJC_WEAK = YES;
				CLANG_WARN_BLOCK_CAPTURE_AUTORELEASING = YES;
				CLANG_WARN_BOOL_CONVERSION = YES;
				CLANG_WARN_COMMA = YES;
				CLANG_WARN_CONSTANT_CONVERSION = YES;
				CLANG_WARN_DEPRECATED_OBJC_IMPLEMENTATIONS = YES;
				CLANG_WARN_DIRECT_OBJC_ISA_USAGE = YES_ERROR;
				CLANG_WARN_DOCUMENTATION_COMMENTS = YES;
				CLANG_WARN_EMPTY_BODY = YES;
				CLANG_WARN_ENUM_CONVERSION = YES;
				CLANG_WARN_INFINITE_RECURSION = YES;
				CLANG_WARN_INT_CONVERSION = YES;
				CLANG_WARN_NON_LITERAL_NULL_CONVERSION = YES;
				CLANG_WARN_OBJC_IMPLICIT_RETAIN_SELF = YES;
				CLANG_WARN_OBJC_LITERAL_CONVERSION = YES;
				CLANG_WARN_OBJC_ROOT_CLASS = YES_ERROR;
				CLANG_WARN_RANGE_LOOP_ANALYSIS = YES;
				CLANG_WARN_STRICT_PROTOTYPES = YES;
				CLANG_WARN_SUSPICIOUS_MOVE = YES;
				CLANG_WARN_UNGUARDED_AVAILABILITY = YES_AGGRESSIVE;
				CLANG_WARN_UNREACHABLE_CODE = YES;
				CLANG_WARN__DUPLICATE_METHOD_MATCH = YES;
				COPY_PHASE_STRIP = NO;
				CURRENT_PROJECT_VERSION = 1;
				DEBUG_INFORMATION_FORMAT = dwarf;
				ENABLE_STRICT_OBJC_MSGSEND = YES;
				ENABLE_TESTABILITY = YES;
				GCC_C_LANGUAGE_STANDARD = gnu11;
				GCC_DYNAMIC_NO_PIC = NO;
				GCC_NO_COMMON_BLOCKS = YES;
				GCC_OPTIMIZATION_LEVEL = 0;
				GCC_PREPROCESSOR_DEFINITIONS = (
					"DEBUG=1",
					"$(inherited)",
				);
				GCC_WARN_64_TO_32_BIT_CONVERSION = YES;
				GCC_WARN_ABOUT_RETURN_TYPE = YES_ERROR;
				GCC_WARN_UNDECLARED_SELECTOR = YES;
				GCC_WARN_UNINITIALIZED_AUTOS = YES_AGGRESSIVE;
				GCC_WARN_UNUSED_FUNCTION = YES;
				GCC_WARN_UNUSED_VARIABLE = YES;
				MACOSX_DEPLOYMENT_TARGET = 10.15;
				MTL_ENABLE_DEBUG_INFO = INCLUDE_SOURCE;
				MTL_FAST_MATH = YES;
				ONLY_ACTIVE_ARCH = YES;
				SDKROOT = macosx;
				SWIFT_ACTIVE_COMPILATION_CONDITIONS = DEBUG;
				SWIFT_OPTIMIZATION_LEVEL = "-Onone";
				VERSIONING_SYSTEM = "apple-generic";
				VERSION_INFO_PREFIX = "";
			};
			name = Debug;
		};
		2A5B600122F5DE7600A1BF09 /* Release */ = {
			isa = XCBuildConfiguration;
			buildSettings = {
				ALWAYS_SEARCH_USER_PATHS = NO;
				CLANG_ANALYZER_NONNULL = YES;
				CLANG_ANALYZER_NUMBER_OBJECT_CONVERSION = YES_AGGRESSIVE;
				CLANG_CXX_LANGUAGE_STANDARD = "gnu++14";
				CLANG_CXX_LIBRARY = "libc++";
				CLANG_ENABLE_MODULES = YES;
				CLANG_ENABLE_OBJC_ARC = YES;
				CLANG_ENABLE_OBJC_WEAK = YES;
				CLANG_WARN_BLOCK_CAPTURE_AUTORELEASING = YES;
				CLANG_WARN_BOOL_CONVERSION = YES;
				CLANG_WARN_COMMA = YES;
				CLANG_WARN_CONSTANT_CONVERSION = YES;
				CLANG_WARN_DEPRECATED_OBJC_IMPLEMENTATIONS = YES;
				CLANG_WARN_DIRECT_OBJC_ISA_USAGE = YES_ERROR;
				CLANG_WARN_DOCUMENTATION_COMMENTS = YES;
				CLANG_WARN_EMPTY_BODY = YES;
				CLANG_WARN_ENUM_CONVERSION = YES;
				CLANG_WARN_INFINITE_RECURSION = YES;
				CLANG_WARN_INT_CONVERSION = YES;
				CLANG_WARN_NON_LITERAL_NULL_CONVERSION = YES;
				CLANG_WARN_OBJC_IMPLICIT_RETAIN_SELF = YES;
				CLANG_WARN_OBJC_LITERAL_CONVERSION = YES;
				CLANG_WARN_OBJC_ROOT_CLASS = YES_ERROR;
				CLANG_WARN_RANGE_LOOP_ANALYSIS = YES;
				CLANG_WARN_STRICT_PROTOTYPES = YES;
				CLANG_WARN_SUSPICIOUS_MOVE = YES;
				CLANG_WARN_UNGUARDED_AVAILABILITY = YES_AGGRESSIVE;
				CLANG_WARN_UNREACHABLE_CODE = YES;
				CLANG_WARN__DUPLICATE_METHOD_MATCH = YES;
				COPY_PHASE_STRIP = NO;
				CURRENT_PROJECT_VERSION = 1;
				DEBUG_INFORMATION_FORMAT = "dwarf-with-dsym";
				ENABLE_NS_ASSERTIONS = NO;
				ENABLE_STRICT_OBJC_MSGSEND = YES;
				GCC_C_LANGUAGE_STANDARD = gnu11;
				GCC_NO_COMMON_BLOCKS = YES;
				GCC_WARN_64_TO_32_BIT_CONVERSION = YES;
				GCC_WARN_ABOUT_RETURN_TYPE = YES_ERROR;
				GCC_WARN_UNDECLARED_SELECTOR = YES;
				GCC_WARN_UNINITIALIZED_AUTOS = YES_AGGRESSIVE;
				GCC_WARN_UNUSED_FUNCTION = YES;
				GCC_WARN_UNUSED_VARIABLE = YES;
				MACOSX_DEPLOYMENT_TARGET = 10.15;
				MTL_ENABLE_DEBUG_INFO = NO;
				MTL_FAST_MATH = YES;
				SDKROOT = macosx;
				SWIFT_COMPILATION_MODE = wholemodule;
				SWIFT_OPTIMIZATION_LEVEL = "-O";
				VERSIONING_SYSTEM = "apple-generic";
				VERSION_INFO_PREFIX = "";
			};
			name = Release;
		};
		2A5B600322F5DE7600A1BF09 /* Debug */ = {
			isa = XCBuildConfiguration;
			buildSettings = {
				CLANG_ENABLE_MODULES = YES;
				CODE_SIGN_STYLE = Automatic;
				COMBINE_HIDPI_IMAGES = YES;
				DEFINES_MODULE = YES;
				DEVELOPMENT_TEAM = 543F7AK74D;
				DYLIB_COMPATIBILITY_VERSION = 1;
				DYLIB_CURRENT_VERSION = 1;
				DYLIB_INSTALL_NAME_BASE = "@rpath";
				INFOPLIST_FILE = LeetCode/Info.plist;
				INSTALL_PATH = "$(LOCAL_LIBRARY_DIR)/Frameworks";
				LD_RUNPATH_SEARCH_PATHS = (
					"$(inherited)",
					"@executable_path/../Frameworks",
					"@loader_path/Frameworks",
				);
				PRODUCT_BUNDLE_IDENTIFIER = com.cxjwin.LeetCode;
				PRODUCT_NAME = "$(TARGET_NAME:c99extidentifier)";
				SKIP_INSTALL = YES;
				SWIFT_OPTIMIZATION_LEVEL = "-Onone";
				SWIFT_VERSION = 5.0;
			};
			name = Debug;
		};
		2A5B600422F5DE7600A1BF09 /* Release */ = {
			isa = XCBuildConfiguration;
			buildSettings = {
				CLANG_ENABLE_MODULES = YES;
				CODE_SIGN_STYLE = Automatic;
				COMBINE_HIDPI_IMAGES = YES;
				DEFINES_MODULE = YES;
				DEVELOPMENT_TEAM = 543F7AK74D;
				DYLIB_COMPATIBILITY_VERSION = 1;
				DYLIB_CURRENT_VERSION = 1;
				DYLIB_INSTALL_NAME_BASE = "@rpath";
				INFOPLIST_FILE = LeetCode/Info.plist;
				INSTALL_PATH = "$(LOCAL_LIBRARY_DIR)/Frameworks";
				LD_RUNPATH_SEARCH_PATHS = (
					"$(inherited)",
					"@executable_path/../Frameworks",
					"@loader_path/Frameworks",
				);
				PRODUCT_BUNDLE_IDENTIFIER = com.cxjwin.LeetCode;
				PRODUCT_NAME = "$(TARGET_NAME:c99extidentifier)";
				SKIP_INSTALL = YES;
				SWIFT_VERSION = 5.0;
			};
			name = Release;
		};
		2A5B600622F5DE7600A1BF09 /* Debug */ = {
			isa = XCBuildConfiguration;
			buildSettings = {
				ALWAYS_EMBED_SWIFT_STANDARD_LIBRARIES = YES;
				CODE_SIGN_STYLE = Automatic;
				COMBINE_HIDPI_IMAGES = YES;
				DEVELOPMENT_TEAM = 543F7AK74D;
				INFOPLIST_FILE = LeetCodeTests/Info.plist;
				LD_RUNPATH_SEARCH_PATHS = (
					"$(inherited)",
					"@executable_path/../Frameworks",
					"@loader_path/../Frameworks",
				);
				PRODUCT_BUNDLE_IDENTIFIER = com.cxjwin.LeetCodeTests;
				PRODUCT_NAME = "$(TARGET_NAME)";
				SWIFT_VERSION = 5.0;
			};
			name = Debug;
		};
		2A5B600722F5DE7600A1BF09 /* Release */ = {
			isa = XCBuildConfiguration;
			buildSettings = {
				ALWAYS_EMBED_SWIFT_STANDARD_LIBRARIES = YES;
				CODE_SIGN_STYLE = Automatic;
				COMBINE_HIDPI_IMAGES = YES;
				DEVELOPMENT_TEAM = 543F7AK74D;
				INFOPLIST_FILE = LeetCodeTests/Info.plist;
				LD_RUNPATH_SEARCH_PATHS = (
					"$(inherited)",
					"@executable_path/../Frameworks",
					"@loader_path/../Frameworks",
				);
				PRODUCT_BUNDLE_IDENTIFIER = com.cxjwin.LeetCodeTests;
				PRODUCT_NAME = "$(TARGET_NAME)";
				SWIFT_VERSION = 5.0;
			};
			name = Release;
		};
/* End XCBuildConfiguration section */

/* Begin XCConfigurationList section */
		2A5B5FE822F5DE7600A1BF09 /* Build configuration list for PBXProject "LeetCode" */ = {
			isa = XCConfigurationList;
			buildConfigurations = (
				2A5B600022F5DE7600A1BF09 /* Debug */,
				2A5B600122F5DE7600A1BF09 /* Release */,
			);
			defaultConfigurationIsVisible = 0;
			defaultConfigurationName = Release;
		};
		2A5B600222F5DE7600A1BF09 /* Build configuration list for PBXNativeTarget "LeetCode" */ = {
			isa = XCConfigurationList;
			buildConfigurations = (
				2A5B600322F5DE7600A1BF09 /* Debug */,
				2A5B600422F5DE7600A1BF09 /* Release */,
			);
			defaultConfigurationIsVisible = 0;
			defaultConfigurationName = Release;
		};
		2A5B600522F5DE7600A1BF09 /* Build configuration list for PBXNativeTarget "LeetCodeTests" */ = {
			isa = XCConfigurationList;
			buildConfigurations = (
				2A5B600622F5DE7600A1BF09 /* Debug */,
				2A5B600722F5DE7600A1BF09 /* Release */,
			);
			defaultConfigurationIsVisible = 0;
			defaultConfigurationName = Release;
		};
/* End XCConfigurationList section */
	};
	rootObject = 2A5B5FE522F5DE7600A1BF09 /* Project object */;
}
