// !$*UTF8*$!
{
	archiveVersion = 1;
	classes = {
	};
	objectVersion = 50;
	objects = {

/* Begin PBXBuildFile section */
		2A0CC9F623498E7C00481AE1 /* Problem64Tests.swift in Sources */ = {isa = PBXBuildFile; fileRef = 2A0CC9F523498E7C00481AE1 /* Problem64Tests.swift */; };
		2A0CC9FF234ACB1400481AE1 /* Problem543.swift in Sources */ = {isa = PBXBuildFile; fileRef = 2A0CC9FE234ACB1400481AE1 /* Problem543.swift */; };
		2A3B36112350D21000519E06 /* Problem300.swift in Sources */ = {isa = PBXBuildFile; fileRef = 2A3B36102350D21000519E06 /* Problem300.swift */; };
		2A3B36132350D2BC00519E06 /* Problem300Tests.swift in Sources */ = {isa = PBXBuildFile; fileRef = 2A3B36122350D2BC00519E06 /* Problem300Tests.swift */; };
		2A3B36152354CDED00519E06 /* Problem343.swift in Sources */ = {isa = PBXBuildFile; fileRef = 2A3B36142354CDED00519E06 /* Problem343.swift */; };
		2A3B36172354D3E700519E06 /* Problem343Tests.swift in Sources */ = {isa = PBXBuildFile; fileRef = 2A3B36162354D3E700519E06 /* Problem343Tests.swift */; };
		2A3B361923561AB500519E06 /* Problem53.swift in Sources */ = {isa = PBXBuildFile; fileRef = 2A3B361823561AB500519E06 /* Problem53.swift */; };
		2A3B361B23561C9700519E06 /* Problem53Tests.swift in Sources */ = {isa = PBXBuildFile; fileRef = 2A3B361A23561C9700519E06 /* Problem53Tests.swift */; };
		2A3B362523657B7F00519E06 /* LintCode440.swift in Sources */ = {isa = PBXBuildFile; fileRef = 2A3B362423657B7F00519E06 /* LintCode440.swift */; };
		2A3B362723657F8F00519E06 /* LintCode440Tests.swift in Sources */ = {isa = PBXBuildFile; fileRef = 2A3B362623657F8F00519E06 /* LintCode440Tests.swift */; };
		2A3B3629236584D300519E06 /* LintCode562.swift in Sources */ = {isa = PBXBuildFile; fileRef = 2A3B3628236584D300519E06 /* LintCode562.swift */; };
		2A3B362B2365853800519E06 /* LintCode562Tests.swift in Sources */ = {isa = PBXBuildFile; fileRef = 2A3B362A2365853800519E06 /* LintCode562Tests.swift */; };
		2A3B362D2365C5E900519E06 /* LintCode563.swift in Sources */ = {isa = PBXBuildFile; fileRef = 2A3B362C2365C5E900519E06 /* LintCode563.swift */; };
		2A3B362F2365CF5E00519E06 /* LintCode563Tests.swift in Sources */ = {isa = PBXBuildFile; fileRef = 2A3B362E2365CF5E00519E06 /* LintCode563Tests.swift */; };
		2A3B363223688DFC00519E06 /* LintCode513.swift in Sources */ = {isa = PBXBuildFile; fileRef = 2A3B363023688DEB00519E06 /* LintCode513.swift */; };
		2A3B36352368916F00519E06 /* LintCode513Tests.swift in Sources */ = {isa = PBXBuildFile; fileRef = 2A3B36342368916F00519E06 /* LintCode513Tests.swift */; };
		2A3B36372369DFAF00519E06 /* Problem132.swift in Sources */ = {isa = PBXBuildFile; fileRef = 2A3B36362369DFAF00519E06 /* Problem132.swift */; };
		2A3B36392369E93B00519E06 /* Problem132Tests.swift in Sources */ = {isa = PBXBuildFile; fileRef = 2A3B36382369E93B00519E06 /* Problem132Tests.swift */; };
		2A3B363B2369F52900519E06 /* LintCode437.swift in Sources */ = {isa = PBXBuildFile; fileRef = 2A3B363A2369F52900519E06 /* LintCode437.swift */; };
		2A3B363D2369F86E00519E06 /* LintCode437Tests.swift in Sources */ = {isa = PBXBuildFile; fileRef = 2A3B363C2369F86E00519E06 /* LintCode437Tests.swift */; };
		2A3D835C23545CC800CAF64B /* Problem213.swift in Sources */ = {isa = PBXBuildFile; fileRef = 2A3D835B23545CC800CAF64B /* Problem213.swift */; };
		2A3D835E23545FBE00CAF64B /* Problem213Tests.swift in Sources */ = {isa = PBXBuildFile; fileRef = 2A3D835D23545FBE00CAF64B /* Problem213Tests.swift */; };
		2A5B5FF822F5DE7600A1BF09 /* LeetCode.framework in Frameworks */ = {isa = PBXBuildFile; fileRef = 2A5B5FEE22F5DE7600A1BF09 /* LeetCode.framework */; };
		2A5B5FFF22F5DE7600A1BF09 /* LeetCode.h in Headers */ = {isa = PBXBuildFile; fileRef = 2A5B5FF122F5DE7600A1BF09 /* LeetCode.h */; settings = {ATTRIBUTES = (Public, ); }; };
		2A5B600D22F5DF0600A1BF09 /* Tree.swift in Sources */ = {isa = PBXBuildFile; fileRef = 2A5B600C22F5DF0600A1BF09 /* Tree.swift */; };
		2A5B600F22F5E0A400A1BF09 /* TreeTests.swift in Sources */ = {isa = PBXBuildFile; fileRef = 2A5B600E22F5E0A400A1BF09 /* TreeTests.swift */; };
		2A5B601122F708AF00A1BF09 /* Problem543Tests.swift in Sources */ = {isa = PBXBuildFile; fileRef = 2A5B601022F708AF00A1BF09 /* Problem543Tests.swift */; };
		2A5B839F2343AA51004D9389 /* Problem322.swift in Sources */ = {isa = PBXBuildFile; fileRef = 2A5B839E2343AA51004D9389 /* Problem322.swift */; };
		2A5B83A12343AAA2004D9389 /* Problem322Tests.swift in Sources */ = {isa = PBXBuildFile; fileRef = 2A5B83A02343AAA2004D9389 /* Problem322Tests.swift */; };
		2A65BC6223507016004BBEAF /* Problem45.swift in Sources */ = {isa = PBXBuildFile; fileRef = 2A65BC6123507016004BBEAF /* Problem45.swift */; };
		2A65BC6423507569004BBEAF /* Problem45Tests.swift in Sources */ = {isa = PBXBuildFile; fileRef = 2A65BC6323507569004BBEAF /* Problem45Tests.swift */; };
		2A65BC682351A1D7004BBEAF /* Problem221.swift in Sources */ = {isa = PBXBuildFile; fileRef = 2A65BC672351A1D7004BBEAF /* Problem221.swift */; };
		2A65BC6C2351A6CF004BBEAF /* Problem221Tests.swift in Sources */ = {isa = PBXBuildFile; fileRef = 2A65BC6B2351A6CF004BBEAF /* Problem221Tests.swift */; };
		2A65BC6E2351BD0E004BBEAF /* Problem139.swift in Sources */ = {isa = PBXBuildFile; fileRef = 2A65BC6D2351BD0E004BBEAF /* Problem139.swift */; };
		2A65BC702351C691004BBEAF /* Problem139Tests.swift in Sources */ = {isa = PBXBuildFile; fileRef = 2A65BC6F2351C691004BBEAF /* Problem139Tests.swift */; };
		2A65BC722351E42E004BBEAF /* Problem140.swift in Sources */ = {isa = PBXBuildFile; fileRef = 2A65BC712351E42E004BBEAF /* Problem140.swift */; };
		2A65BC7523520330004BBEAF /* Problem140Tests.swift in Sources */ = {isa = PBXBuildFile; fileRef = 2A65BC7423520330004BBEAF /* Problem140Tests.swift */; };
		2A65BC772354195F004BBEAF /* Problem198.swift in Sources */ = {isa = PBXBuildFile; fileRef = 2A65BC762354195F004BBEAF /* Problem198.swift */; };
		2A65BC7923542096004BBEAF /* Problem198Tests.swift in Sources */ = {isa = PBXBuildFile; fileRef = 2A65BC7823542096004BBEAF /* Problem198Tests.swift */; };
		2A706B132348D4C000FDD7C4 /* Problem256.swift in Sources */ = {isa = PBXBuildFile; fileRef = 2A706B122348D4C000FDD7C4 /* Problem256.swift */; };
		2A706B152348DA6700FDD7C4 /* Problem256Tests.swift in Sources */ = {isa = PBXBuildFile; fileRef = 2A706B142348DA6700FDD7C4 /* Problem256Tests.swift */; };
		2A706B172348EB9700FDD7C4 /* Problem91.swift in Sources */ = {isa = PBXBuildFile; fileRef = 2A706B162348EB9700FDD7C4 /* Problem91.swift */; };
		2A706B192348F55900FDD7C4 /* Problem91Tests.swift in Sources */ = {isa = PBXBuildFile; fileRef = 2A706B182348F55900FDD7C4 /* Problem91Tests.swift */; };
		2A706B1B23497E2100FDD7C4 /* Problem674.swift in Sources */ = {isa = PBXBuildFile; fileRef = 2A706B1A23497E2100FDD7C4 /* Problem674.swift */; };
		2A706B1D23497FCA00FDD7C4 /* Problem674Tests.swift in Sources */ = {isa = PBXBuildFile; fileRef = 2A706B1C23497FCA00FDD7C4 /* Problem674Tests.swift */; };
		2A706B24234986ED00FDD7C4 /* Problem64.swift in Sources */ = {isa = PBXBuildFile; fileRef = 2A706B23234986ED00FDD7C4 /* Problem64.swift */; };
		2A82BBE1234494AF00F0D932 /* Problem.swift in Sources */ = {isa = PBXBuildFile; fileRef = 2A82BBE0234494AF00F0D932 /* Problem.swift */; };
		2ABB864E2344D1B2004C8DFC /* Problem62.swift in Sources */ = {isa = PBXBuildFile; fileRef = 2ABB864D2344D1B2004C8DFC /* Problem62.swift */; };
		2ABFF4962344DFD100D63ED8 /* Problem62Tests.swift in Sources */ = {isa = PBXBuildFile; fileRef = 2ABFF4952344DFD100D63ED8 /* Problem62Tests.swift */; };
		2ABFF4982344E62100D63ED8 /* Problem55.swift in Sources */ = {isa = PBXBuildFile; fileRef = 2ABFF4972344E62100D63ED8 /* Problem55.swift */; };
		2ABFF49A2344EAFD00D63ED8 /* Problem55Tests.swift in Sources */ = {isa = PBXBuildFile; fileRef = 2ABFF4992344EAFD00D63ED8 /* Problem55Tests.swift */; };
		2AD8621023556A8C00981142 /* Problem1143.swift in Sources */ = {isa = PBXBuildFile; fileRef = 2AD8620F23556A8C00981142 /* Problem1143.swift */; };
		2AD8621223556AC200981142 /* Problem1143Tests.swift in Sources */ = {isa = PBXBuildFile; fileRef = 2AD8621123556AC200981142 /* Problem1143Tests.swift */; };
		2AD862142355743F00981142 /* Problem72.swift in Sources */ = {isa = PBXBuildFile; fileRef = 2AD862132355743F00981142 /* Problem72.swift */; };
		2AD862162355747200981142 /* Problem72Tests.swift in Sources */ = {isa = PBXBuildFile; fileRef = 2AD862152355747200981142 /* Problem72Tests.swift */; };
		2AD862182355A66C00981142 /* Problem97.swift in Sources */ = {isa = PBXBuildFile; fileRef = 2AD862172355A66C00981142 /* Problem97.swift */; };
		2AD8621A2355A6FD00981142 /* Problem97Tests.swift in Sources */ = {isa = PBXBuildFile; fileRef = 2AD862192355A6FD00981142 /* Problem97Tests.swift */; };
		2AD8621C2355B89B00981142 /* Problem115.swift in Sources */ = {isa = PBXBuildFile; fileRef = 2AD8621B2355B89B00981142 /* Problem115.swift */; };
		2AD8621E2355BAD700981142 /* Problem115Tests.swift in Sources */ = {isa = PBXBuildFile; fileRef = 2AD8621D2355BAD700981142 /* Problem115Tests.swift */; };
		2AD862202356EA7A00981142 /* Problem152.swift in Sources */ = {isa = PBXBuildFile; fileRef = 2AD8621F2356EA7A00981142 /* Problem152.swift */; };
		2AD862222356EC9600981142 /* Problem152Tests.swift in Sources */ = {isa = PBXBuildFile; fileRef = 2AD862212356EC9600981142 /* Problem152Tests.swift */; };
		2AD862242356F2FF00981142 /* Problem121.swift in Sources */ = {isa = PBXBuildFile; fileRef = 2AD862232356F2FF00981142 /* Problem121.swift */; };
		2AD862262356F9D700981142 /* Problem121Tests.swift in Sources */ = {isa = PBXBuildFile; fileRef = 2AD862252356F9D700981142 /* Problem121Tests.swift */; };
		2AD862282357120F00981142 /* Problem122.swift in Sources */ = {isa = PBXBuildFile; fileRef = 2AD862272357120F00981142 /* Problem122.swift */; };
		2AD862542358126600981142 /* Problem122Tests.swift in Sources */ = {isa = PBXBuildFile; fileRef = 2AD862532358126600981142 /* Problem122Tests.swift */; };
		2AD862562358187000981142 /* Problem123.swift in Sources */ = {isa = PBXBuildFile; fileRef = 2AD862552358187000981142 /* Problem123.swift */; };
		2AD8625823583E1A00981142 /* Problem123Tests.swift in Sources */ = {isa = PBXBuildFile; fileRef = 2AD8625723583E1A00981142 /* Problem123Tests.swift */; };
		2AD8625D2358971F00981142 /* Problem188.swift in Sources */ = {isa = PBXBuildFile; fileRef = 2AD8625C2358971F00981142 /* Problem188.swift */; };
		2AD8625F2358976700981142 /* Problem188Tests.swift in Sources */ = {isa = PBXBuildFile; fileRef = 2AD8625E2358976700981142 /* Problem188Tests.swift */; };
		2AD8626323595F6E00981142 /* LintCode42.swift in Sources */ = {isa = PBXBuildFile; fileRef = 2AD8626223595F6E00981142 /* LintCode42.swift */; };
		2AD862652359653F00981142 /* LintCode42Tests.swift in Sources */ = {isa = PBXBuildFile; fileRef = 2AD862642359653F00981142 /* LintCode42Tests.swift */; };
		2AD8626B23599D1400981142 /* Problem611.swift in Sources */ = {isa = PBXBuildFile; fileRef = 2AD8626A23599D1400981142 /* Problem611.swift */; };
		2AD8626D23599D3F00981142 /* Problem611Tests.swift in Sources */ = {isa = PBXBuildFile; fileRef = 2AD8626C23599D3F00981142 /* Problem611Tests.swift */; };
		2AD8626F2359B7E500981142 /* LintCode43.swift in Sources */ = {isa = PBXBuildFile; fileRef = 2AD8626E2359B7E500981142 /* LintCode43.swift */; };
		2AD862712359B83000981142 /* LintCode43Tests.swift in Sources */ = {isa = PBXBuildFile; fileRef = 2AD862702359B83000981142 /* LintCode43Tests.swift */; };
		2ADB7ED6236C2DAA003FFCAA /* LintCode564.swift in Sources */ = {isa = PBXBuildFile; fileRef = 2ADB7ED5236C2DAA003FFCAA /* LintCode564.swift */; };
		2ADB7ED8236C37DC003FFCAA /* LintCode564Tests.swift in Sources */ = {isa = PBXBuildFile; fileRef = 2ADB7ED7236C37DC003FFCAA /* LintCode564Tests.swift */; };
		2AE41D6A23477B7600105341 /* Problem63.swift in Sources */ = {isa = PBXBuildFile; fileRef = 2AE41D6923477B7600105341 /* Problem63.swift */; };
		2AE41D6C2347828B00105341 /* Problem63Tests.swift in Sources */ = {isa = PBXBuildFile; fileRef = 2AE41D6B2347828B00105341 /* Problem63Tests.swift */; };
/* End PBXBuildFile section */

/* Begin PBXContainerItemProxy section */
		2A5B5FF922F5DE7600A1BF09 /* PBXContainerItemProxy */ = {
			isa = PBXContainerItemProxy;
			containerPortal = 2A5B5FE522F5DE7600A1BF09 /* Project object */;
			proxyType = 1;
			remoteGlobalIDString = 2A5B5FED22F5DE7600A1BF09;
			remoteInfo = LeetCode;
		};
/* End PBXContainerItemProxy section */

/* Begin PBXFileReference section */
		2A0CC9F523498E7C00481AE1 /* Problem64Tests.swift */ = {isa = PBXFileReference; lastKnownFileType = sourcecode.swift; path = Problem64Tests.swift; sourceTree = "<group>"; };
		2A0CC9FE234ACB1400481AE1 /* Problem543.swift */ = {isa = PBXFileReference; fileEncoding = 4; lastKnownFileType = sourcecode.swift; path = Problem543.swift; sourceTree = "<group>"; };
		2A3B36102350D21000519E06 /* Problem300.swift */ = {isa = PBXFileReference; lastKnownFileType = sourcecode.swift; path = Problem300.swift; sourceTree = "<group>"; };
		2A3B36122350D2BC00519E06 /* Problem300Tests.swift */ = {isa = PBXFileReference; lastKnownFileType = sourcecode.swift; path = Problem300Tests.swift; sourceTree = "<group>"; };
		2A3B36142354CDED00519E06 /* Problem343.swift */ = {isa = PBXFileReference; lastKnownFileType = sourcecode.swift; path = Problem343.swift; sourceTree = "<group>"; };
		2A3B36162354D3E700519E06 /* Problem343Tests.swift */ = {isa = PBXFileReference; lastKnownFileType = sourcecode.swift; path = Problem343Tests.swift; sourceTree = "<group>"; };
		2A3B361823561AB500519E06 /* Problem53.swift */ = {isa = PBXFileReference; lastKnownFileType = sourcecode.swift; path = Problem53.swift; sourceTree = "<group>"; };
		2A3B361A23561C9700519E06 /* Problem53Tests.swift */ = {isa = PBXFileReference; lastKnownFileType = sourcecode.swift; path = Problem53Tests.swift; sourceTree = "<group>"; };
		2A3B362423657B7F00519E06 /* LintCode440.swift */ = {isa = PBXFileReference; lastKnownFileType = sourcecode.swift; path = LintCode440.swift; sourceTree = "<group>"; };
		2A3B362623657F8F00519E06 /* LintCode440Tests.swift */ = {isa = PBXFileReference; lastKnownFileType = sourcecode.swift; path = LintCode440Tests.swift; sourceTree = "<group>"; };
		2A3B3628236584D300519E06 /* LintCode562.swift */ = {isa = PBXFileReference; lastKnownFileType = sourcecode.swift; path = LintCode562.swift; sourceTree = "<group>"; };
		2A3B362A2365853800519E06 /* LintCode562Tests.swift */ = {isa = PBXFileReference; lastKnownFileType = sourcecode.swift; path = LintCode562Tests.swift; sourceTree = "<group>"; };
		2A3B362C2365C5E900519E06 /* LintCode563.swift */ = {isa = PBXFileReference; lastKnownFileType = sourcecode.swift; path = LintCode563.swift; sourceTree = "<group>"; };
		2A3B362E2365CF5E00519E06 /* LintCode563Tests.swift */ = {isa = PBXFileReference; lastKnownFileType = sourcecode.swift; path = LintCode563Tests.swift; sourceTree = "<group>"; };
		2A3B363023688DEB00519E06 /* LintCode513.swift */ = {isa = PBXFileReference; lastKnownFileType = sourcecode.swift; path = LintCode513.swift; sourceTree = "<group>"; };
		2A3B36342368916F00519E06 /* LintCode513Tests.swift */ = {isa = PBXFileReference; lastKnownFileType = sourcecode.swift; path = LintCode513Tests.swift; sourceTree = "<group>"; };
		2A3B36362369DFAF00519E06 /* Problem132.swift */ = {isa = PBXFileReference; lastKnownFileType = sourcecode.swift; path = Problem132.swift; sourceTree = "<group>"; };
		2A3B36382369E93B00519E06 /* Problem132Tests.swift */ = {isa = PBXFileReference; lastKnownFileType = sourcecode.swift; path = Problem132Tests.swift; sourceTree = "<group>"; };
		2A3B363A2369F52900519E06 /* LintCode437.swift */ = {isa = PBXFileReference; lastKnownFileType = sourcecode.swift; path = LintCode437.swift; sourceTree = "<group>"; };
		2A3B363C2369F86E00519E06 /* LintCode437Tests.swift */ = {isa = PBXFileReference; lastKnownFileType = sourcecode.swift; path = LintCode437Tests.swift; sourceTree = "<group>"; };
		2A3D835B23545CC800CAF64B /* Problem213.swift */ = {isa = PBXFileReference; lastKnownFileType = sourcecode.swift; path = Problem213.swift; sourceTree = "<group>"; };
		2A3D835D23545FBE00CAF64B /* Problem213Tests.swift */ = {isa = PBXFileReference; lastKnownFileType = sourcecode.swift; path = Problem213Tests.swift; sourceTree = "<group>"; };
		2A5B5FEE22F5DE7600A1BF09 /* LeetCode.framework */ = {isa = PBXFileReference; explicitFileType = wrapper.framework; includeInIndex = 0; path = LeetCode.framework; sourceTree = BUILT_PRODUCTS_DIR; };
		2A5B5FF122F5DE7600A1BF09 /* LeetCode.h */ = {isa = PBXFileReference; lastKnownFileType = sourcecode.c.h; path = LeetCode.h; sourceTree = "<group>"; };
		2A5B5FF222F5DE7600A1BF09 /* Info.plist */ = {isa = PBXFileReference; lastKnownFileType = text.plist.xml; path = Info.plist; sourceTree = "<group>"; };
		2A5B5FF722F5DE7600A1BF09 /* LeetCodeTests.xctest */ = {isa = PBXFileReference; explicitFileType = wrapper.cfbundle; includeInIndex = 0; path = LeetCodeTests.xctest; sourceTree = BUILT_PRODUCTS_DIR; };
		2A5B5FFE22F5DE7600A1BF09 /* Info.plist */ = {isa = PBXFileReference; lastKnownFileType = text.plist.xml; path = Info.plist; sourceTree = "<group>"; };
		2A5B600C22F5DF0600A1BF09 /* Tree.swift */ = {isa = PBXFileReference; lastKnownFileType = sourcecode.swift; path = Tree.swift; sourceTree = "<group>"; };
		2A5B600E22F5E0A400A1BF09 /* TreeTests.swift */ = {isa = PBXFileReference; lastKnownFileType = sourcecode.swift; path = TreeTests.swift; sourceTree = "<group>"; };
		2A5B601022F708AF00A1BF09 /* Problem543Tests.swift */ = {isa = PBXFileReference; lastKnownFileType = sourcecode.swift; path = Problem543Tests.swift; sourceTree = "<group>"; };
		2A5B839E2343AA51004D9389 /* Problem322.swift */ = {isa = PBXFileReference; lastKnownFileType = sourcecode.swift; path = Problem322.swift; sourceTree = "<group>"; };
		2A5B83A02343AAA2004D9389 /* Problem322Tests.swift */ = {isa = PBXFileReference; lastKnownFileType = sourcecode.swift; path = Problem322Tests.swift; sourceTree = "<group>"; };
		2A65BC6123507016004BBEAF /* Problem45.swift */ = {isa = PBXFileReference; lastKnownFileType = sourcecode.swift; path = Problem45.swift; sourceTree = "<group>"; };
		2A65BC6323507569004BBEAF /* Problem45Tests.swift */ = {isa = PBXFileReference; lastKnownFileType = sourcecode.swift; path = Problem45Tests.swift; sourceTree = "<group>"; };
		2A65BC672351A1D7004BBEAF /* Problem221.swift */ = {isa = PBXFileReference; lastKnownFileType = sourcecode.swift; path = Problem221.swift; sourceTree = "<group>"; };
		2A65BC6B2351A6CF004BBEAF /* Problem221Tests.swift */ = {isa = PBXFileReference; lastKnownFileType = sourcecode.swift; path = Problem221Tests.swift; sourceTree = "<group>"; };
		2A65BC6D2351BD0E004BBEAF /* Problem139.swift */ = {isa = PBXFileReference; lastKnownFileType = sourcecode.swift; path = Problem139.swift; sourceTree = "<group>"; };
		2A65BC6F2351C691004BBEAF /* Problem139Tests.swift */ = {isa = PBXFileReference; lastKnownFileType = sourcecode.swift; path = Problem139Tests.swift; sourceTree = "<group>"; };
		2A65BC712351E42E004BBEAF /* Problem140.swift */ = {isa = PBXFileReference; lastKnownFileType = sourcecode.swift; path = Problem140.swift; sourceTree = "<group>"; };
		2A65BC7423520330004BBEAF /* Problem140Tests.swift */ = {isa = PBXFileReference; lastKnownFileType = sourcecode.swift; path = Problem140Tests.swift; sourceTree = "<group>"; };
		2A65BC762354195F004BBEAF /* Problem198.swift */ = {isa = PBXFileReference; lastKnownFileType = sourcecode.swift; path = Problem198.swift; sourceTree = "<group>"; };
		2A65BC7823542096004BBEAF /* Problem198Tests.swift */ = {isa = PBXFileReference; lastKnownFileType = sourcecode.swift; path = Problem198Tests.swift; sourceTree = "<group>"; };
		2A706B122348D4C000FDD7C4 /* Problem256.swift */ = {isa = PBXFileReference; lastKnownFileType = sourcecode.swift; path = Problem256.swift; sourceTree = "<group>"; };
		2A706B142348DA6700FDD7C4 /* Problem256Tests.swift */ = {isa = PBXFileReference; lastKnownFileType = sourcecode.swift; path = Problem256Tests.swift; sourceTree = "<group>"; };
		2A706B162348EB9700FDD7C4 /* Problem91.swift */ = {isa = PBXFileReference; lastKnownFileType = sourcecode.swift; path = Problem91.swift; sourceTree = "<group>"; };
		2A706B182348F55900FDD7C4 /* Problem91Tests.swift */ = {isa = PBXFileReference; lastKnownFileType = sourcecode.swift; path = Problem91Tests.swift; sourceTree = "<group>"; };
		2A706B1A23497E2100FDD7C4 /* Problem674.swift */ = {isa = PBXFileReference; lastKnownFileType = sourcecode.swift; path = Problem674.swift; sourceTree = "<group>"; };
		2A706B1C23497FCA00FDD7C4 /* Problem674Tests.swift */ = {isa = PBXFileReference; lastKnownFileType = sourcecode.swift; path = Problem674Tests.swift; sourceTree = "<group>"; };
		2A706B23234986ED00FDD7C4 /* Problem64.swift */ = {isa = PBXFileReference; lastKnownFileType = sourcecode.swift; path = Problem64.swift; sourceTree = "<group>"; };
		2A82BBE0234494AF00F0D932 /* Problem.swift */ = {isa = PBXFileReference; lastKnownFileType = sourcecode.swift; path = Problem.swift; sourceTree = "<group>"; };
		2ABB864D2344D1B2004C8DFC /* Problem62.swift */ = {isa = PBXFileReference; lastKnownFileType = sourcecode.swift; path = Problem62.swift; sourceTree = "<group>"; };
		2ABFF4952344DFD100D63ED8 /* Problem62Tests.swift */ = {isa = PBXFileReference; lastKnownFileType = sourcecode.swift; path = Problem62Tests.swift; sourceTree = "<group>"; };
		2ABFF4972344E62100D63ED8 /* Problem55.swift */ = {isa = PBXFileReference; lastKnownFileType = sourcecode.swift; path = Problem55.swift; sourceTree = "<group>"; };
		2ABFF4992344EAFD00D63ED8 /* Problem55Tests.swift */ = {isa = PBXFileReference; lastKnownFileType = sourcecode.swift; path = Problem55Tests.swift; sourceTree = "<group>"; };
		2AD8620F23556A8C00981142 /* Problem1143.swift */ = {isa = PBXFileReference; lastKnownFileType = sourcecode.swift; path = Problem1143.swift; sourceTree = "<group>"; };
		2AD8621123556AC200981142 /* Problem1143Tests.swift */ = {isa = PBXFileReference; lastKnownFileType = sourcecode.swift; path = Problem1143Tests.swift; sourceTree = "<group>"; };
		2AD862132355743F00981142 /* Problem72.swift */ = {isa = PBXFileReference; lastKnownFileType = sourcecode.swift; path = Problem72.swift; sourceTree = "<group>"; };
		2AD862152355747200981142 /* Problem72Tests.swift */ = {isa = PBXFileReference; lastKnownFileType = sourcecode.swift; path = Problem72Tests.swift; sourceTree = "<group>"; };
		2AD862172355A66C00981142 /* Problem97.swift */ = {isa = PBXFileReference; lastKnownFileType = sourcecode.swift; path = Problem97.swift; sourceTree = "<group>"; };
		2AD862192355A6FD00981142 /* Problem97Tests.swift */ = {isa = PBXFileReference; lastKnownFileType = sourcecode.swift; path = Problem97Tests.swift; sourceTree = "<group>"; };
		2AD8621B2355B89B00981142 /* Problem115.swift */ = {isa = PBXFileReference; lastKnownFileType = sourcecode.swift; path = Problem115.swift; sourceTree = "<group>"; };
		2AD8621D2355BAD700981142 /* Problem115Tests.swift */ = {isa = PBXFileReference; lastKnownFileType = sourcecode.swift; path = Problem115Tests.swift; sourceTree = "<group>"; };
		2AD8621F2356EA7A00981142 /* Problem152.swift */ = {isa = PBXFileReference; lastKnownFileType = sourcecode.swift; path = Problem152.swift; sourceTree = "<group>"; };
		2AD862212356EC9600981142 /* Problem152Tests.swift */ = {isa = PBXFileReference; lastKnownFileType = sourcecode.swift; path = Problem152Tests.swift; sourceTree = "<group>"; };
		2AD862232356F2FF00981142 /* Problem121.swift */ = {isa = PBXFileReference; lastKnownFileType = sourcecode.swift; path = Problem121.swift; sourceTree = "<group>"; };
		2AD862252356F9D700981142 /* Problem121Tests.swift */ = {isa = PBXFileReference; lastKnownFileType = sourcecode.swift; path = Problem121Tests.swift; sourceTree = "<group>"; };
		2AD862272357120F00981142 /* Problem122.swift */ = {isa = PBXFileReference; lastKnownFileType = sourcecode.swift; path = Problem122.swift; sourceTree = "<group>"; };
		2AD862532358126600981142 /* Problem122Tests.swift */ = {isa = PBXFileReference; lastKnownFileType = sourcecode.swift; path = Problem122Tests.swift; sourceTree = "<group>"; };
		2AD862552358187000981142 /* Problem123.swift */ = {isa = PBXFileReference; lastKnownFileType = sourcecode.swift; path = Problem123.swift; sourceTree = "<group>"; };
		2AD8625723583E1A00981142 /* Problem123Tests.swift */ = {isa = PBXFileReference; lastKnownFileType = sourcecode.swift; path = Problem123Tests.swift; sourceTree = "<group>"; };
		2AD8625C2358971F00981142 /* Problem188.swift */ = {isa = PBXFileReference; lastKnownFileType = sourcecode.swift; path = Problem188.swift; sourceTree = "<group>"; };
		2AD8625E2358976700981142 /* Problem188Tests.swift */ = {isa = PBXFileReference; lastKnownFileType = sourcecode.swift; path = Problem188Tests.swift; sourceTree = "<group>"; };
		2AD8626223595F6E00981142 /* LintCode42.swift */ = {isa = PBXFileReference; lastKnownFileType = sourcecode.swift; path = LintCode42.swift; sourceTree = "<group>"; };
		2AD862642359653F00981142 /* LintCode42Tests.swift */ = {isa = PBXFileReference; lastKnownFileType = sourcecode.swift; path = LintCode42Tests.swift; sourceTree = "<group>"; };
		2AD8626A23599D1400981142 /* Problem611.swift */ = {isa = PBXFileReference; lastKnownFileType = sourcecode.swift; path = Problem611.swift; sourceTree = "<group>"; };
		2AD8626C23599D3F00981142 /* Problem611Tests.swift */ = {isa = PBXFileReference; lastKnownFileType = sourcecode.swift; path = Problem611Tests.swift; sourceTree = "<group>"; };
		2AD8626E2359B7E500981142 /* LintCode43.swift */ = {isa = PBXFileReference; lastKnownFileType = sourcecode.swift; path = LintCode43.swift; sourceTree = "<group>"; };
		2AD862702359B83000981142 /* LintCode43Tests.swift */ = {isa = PBXFileReference; lastKnownFileType = sourcecode.swift; path = LintCode43Tests.swift; sourceTree = "<group>"; };
		2ADB7ED5236C2DAA003FFCAA /* LintCode564.swift */ = {isa = PBXFileReference; lastKnownFileType = sourcecode.swift; path = LintCode564.swift; sourceTree = "<group>"; };
		2ADB7ED7236C37DC003FFCAA /* LintCode564Tests.swift */ = {isa = PBXFileReference; lastKnownFileType = sourcecode.swift; path = LintCode564Tests.swift; sourceTree = "<group>"; };
		2AE41D6923477B7600105341 /* Problem63.swift */ = {isa = PBXFileReference; lastKnownFileType = sourcecode.swift; path = Problem63.swift; sourceTree = "<group>"; };
		2AE41D6B2347828B00105341 /* Problem63Tests.swift */ = {isa = PBXFileReference; lastKnownFileType = sourcecode.swift; path = Problem63Tests.swift; sourceTree = "<group>"; };
/* End PBXFileReference section */

/* Begin PBXFrameworksBuildPhase section */
		2A5B5FEB22F5DE7600A1BF09 /* Frameworks */ = {
			isa = PBXFrameworksBuildPhase;
			buildActionMask = 2147483647;
			files = (
			);
			runOnlyForDeploymentPostprocessing = 0;
		};
		2A5B5FF422F5DE7600A1BF09 /* Frameworks */ = {
			isa = PBXFrameworksBuildPhase;
			buildActionMask = 2147483647;
			files = (
				2A5B5FF822F5DE7600A1BF09 /* LeetCode.framework in Frameworks */,
			);
			runOnlyForDeploymentPostprocessing = 0;
		};
/* End PBXFrameworksBuildPhase section */

/* Begin PBXGroup section */
		2A0CC9F8234ACA1E00481AE1 /* DP */ = {
			isa = PBXGroup;
			children = (
				2AD8626223595F6E00981142 /* LintCode42.swift */,
				2AD8626E2359B7E500981142 /* LintCode43.swift */,
				2A3B363A2369F52900519E06 /* LintCode437.swift */,
				2A3B362423657B7F00519E06 /* LintCode440.swift */,
				2A3B363023688DEB00519E06 /* LintCode513.swift */,
				2A3B3628236584D300519E06 /* LintCode562.swift */,
				2A3B362C2365C5E900519E06 /* LintCode563.swift */,
				2ADB7ED5236C2DAA003FFCAA /* LintCode564.swift */,
				2A65BC6123507016004BBEAF /* Problem45.swift */,
				2A3B361823561AB500519E06 /* Problem53.swift */,
				2ABFF4972344E62100D63ED8 /* Problem55.swift */,
				2ABB864D2344D1B2004C8DFC /* Problem62.swift */,
				2AE41D6923477B7600105341 /* Problem63.swift */,
				2A706B23234986ED00FDD7C4 /* Problem64.swift */,
				2AD862132355743F00981142 /* Problem72.swift */,
				2A706B162348EB9700FDD7C4 /* Problem91.swift */,
				2AD862172355A66C00981142 /* Problem97.swift */,
				2AD8621B2355B89B00981142 /* Problem115.swift */,
				2AD862232356F2FF00981142 /* Problem121.swift */,
				2AD862272357120F00981142 /* Problem122.swift */,
				2AD862552358187000981142 /* Problem123.swift */,
				2A3B36362369DFAF00519E06 /* Problem132.swift */,
				2A65BC6D2351BD0E004BBEAF /* Problem139.swift */,
				2A65BC712351E42E004BBEAF /* Problem140.swift */,
				2AD8621F2356EA7A00981142 /* Problem152.swift */,
				2AD8625C2358971F00981142 /* Problem188.swift */,
				2A65BC762354195F004BBEAF /* Problem198.swift */,
				2A3D835B23545CC800CAF64B /* Problem213.swift */,
				2A65BC672351A1D7004BBEAF /* Problem221.swift */,
				2A706B122348D4C000FDD7C4 /* Problem256.swift */,
				2A3B36102350D21000519E06 /* Problem300.swift */,
				2A5B839E2343AA51004D9389 /* Problem322.swift */,
				2A3B36142354CDED00519E06 /* Problem343.swift */,
				2A706B1A23497E2100FDD7C4 /* Problem674.swift */,
				2AD8620F23556A8C00981142 /* Problem1143.swift */,
			);
			path = DP;
			sourceTree = "<group>";
		};
		2A0CC9F9234ACA3200481AE1 /* Base */ = {
			isa = PBXGroup;
			children = (
				2A82BBE0234494AF00F0D932 /* Problem.swift */,
			);
			path = Base;
			sourceTree = "<group>";
		};
		2A0CC9FD234ACB1400481AE1 /* Tree */ = {
			isa = PBXGroup;
			children = (
				2A0CC9FE234ACB1400481AE1 /* Problem543.swift */,
			);
			path = Tree;
			sourceTree = "<group>";
		};
		2A5B5FE422F5DE7600A1BF09 = {
			isa = PBXGroup;
			children = (
				2A5B5FF022F5DE7600A1BF09 /* LeetCode */,
				2A5B5FFB22F5DE7600A1BF09 /* LeetCodeTests */,
				2A5B5FEF22F5DE7600A1BF09 /* Products */,
			);
			sourceTree = "<group>";
		};
		2A5B5FEF22F5DE7600A1BF09 /* Products */ = {
			isa = PBXGroup;
			children = (
				2A5B5FEE22F5DE7600A1BF09 /* LeetCode.framework */,
				2A5B5FF722F5DE7600A1BF09 /* LeetCodeTests.xctest */,
			);
			name = Products;
			sourceTree = "<group>";
		};
		2A5B5FF022F5DE7600A1BF09 /* LeetCode */ = {
			isa = PBXGroup;
			children = (
				2A5B600B22F5DEDB00A1BF09 /* DataStructure */,
				2A5B600A22F5DEBF00A1BF09 /* Problems */,
				2A5B5FF122F5DE7600A1BF09 /* LeetCode.h */,
				2A5B5FF222F5DE7600A1BF09 /* Info.plist */,
			);
			path = LeetCode;
			sourceTree = "<group>";
		};
		2A5B5FFB22F5DE7600A1BF09 /* LeetCodeTests */ = {
			isa = PBXGroup;
			children = (
				2A5B5FFE22F5DE7600A1BF09 /* Info.plist */,
				2AD8626623599CB500981142 /* Others */,
				2A706B21234985DD00FDD7C4 /* DP */,
				2A706B22234985E600FDD7C4 /* Tree */,
			);
			path = LeetCodeTests;
			sourceTree = "<group>";
		};
		2A5B600A22F5DEBF00A1BF09 /* Problems */ = {
			isa = PBXGroup;
			children = (
				2AD8626923599CE500981142 /* Others */,
				2A0CC9F9234ACA3200481AE1 /* Base */,
				2A0CC9F8234ACA1E00481AE1 /* DP */,
				2A0CC9FD234ACB1400481AE1 /* Tree */,
			);
			name = Problems;
			sourceTree = "<group>";
		};
		2A5B600B22F5DEDB00A1BF09 /* DataStructure */ = {
			isa = PBXGroup;
			children = (
				2A5B600C22F5DF0600A1BF09 /* Tree.swift */,
			);
			path = DataStructure;
			sourceTree = "<group>";
		};
		2A706B21234985DD00FDD7C4 /* DP */ = {
			isa = PBXGroup;
			children = (
				2AD862642359653F00981142 /* LintCode42Tests.swift */,
				2AD862702359B83000981142 /* LintCode43Tests.swift */,
				2A3B363C2369F86E00519E06 /* LintCode437Tests.swift */,
				2A3B362623657F8F00519E06 /* LintCode440Tests.swift */,
				2A3B36342368916F00519E06 /* LintCode513Tests.swift */,
				2A3B362A2365853800519E06 /* LintCode562Tests.swift */,
				2A3B362E2365CF5E00519E06 /* LintCode563Tests.swift */,
				2ADB7ED7236C37DC003FFCAA /* LintCode564Tests.swift */,
				2A65BC6323507569004BBEAF /* Problem45Tests.swift */,
				2A3B361A23561C9700519E06 /* Problem53Tests.swift */,
				2ABFF4992344EAFD00D63ED8 /* Problem55Tests.swift */,
				2ABFF4952344DFD100D63ED8 /* Problem62Tests.swift */,
				2AE41D6B2347828B00105341 /* Problem63Tests.swift */,
				2A0CC9F523498E7C00481AE1 /* Problem64Tests.swift */,
				2AD862152355747200981142 /* Problem72Tests.swift */,
				2A706B182348F55900FDD7C4 /* Problem91Tests.swift */,
				2AD862192355A6FD00981142 /* Problem97Tests.swift */,
				2AD8621D2355BAD700981142 /* Problem115Tests.swift */,
				2AD862252356F9D700981142 /* Problem121Tests.swift */,
				2AD862532358126600981142 /* Problem122Tests.swift */,
				2AD8625723583E1A00981142 /* Problem123Tests.swift */,
				2A3B36382369E93B00519E06 /* Problem132Tests.swift */,
				2A65BC6F2351C691004BBEAF /* Problem139Tests.swift */,
				2A65BC7423520330004BBEAF /* Problem140Tests.swift */,
				2AD862212356EC9600981142 /* Problem152Tests.swift */,
				2AD8625E2358976700981142 /* Problem188Tests.swift */,
				2A65BC7823542096004BBEAF /* Problem198Tests.swift */,
				2A3D835D23545FBE00CAF64B /* Problem213Tests.swift */,
				2A65BC6B2351A6CF004BBEAF /* Problem221Tests.swift */,
				2A706B142348DA6700FDD7C4 /* Problem256Tests.swift */,
				2A3B36122350D2BC00519E06 /* Problem300Tests.swift */,
				2A5B83A02343AAA2004D9389 /* Problem322Tests.swift */,
				2A3B36162354D3E700519E06 /* Problem343Tests.swift */,
				2A706B1C23497FCA00FDD7C4 /* Problem674Tests.swift */,
				2AD8621123556AC200981142 /* Problem1143Tests.swift */,
			);
			path = DP;
			sourceTree = "<group>";
		};
		2A706B22234985E600FDD7C4 /* Tree */ = {
			isa = PBXGroup;
			children = (
				2A5B600E22F5E0A400A1BF09 /* TreeTests.swift */,
				2A5B601022F708AF00A1BF09 /* Problem543Tests.swift */,
			);
			path = Tree;
			sourceTree = "<group>";
		};
		2AD8626623599CB500981142 /* Others */ = {
			isa = PBXGroup;
			children = (
				2AD8626C23599D3F00981142 /* Problem611Tests.swift */,
			);
			path = Others;
			sourceTree = "<group>";
		};
		2AD8626923599CE500981142 /* Others */ = {
			isa = PBXGroup;
			children = (
				2AD8626A23599D1400981142 /* Problem611.swift */,
			);
			path = Others;
			sourceTree = "<group>";
		};
/* End PBXGroup section */

/* Begin PBXHeadersBuildPhase section */
		2A5B5FE922F5DE7600A1BF09 /* Headers */ = {
			isa = PBXHeadersBuildPhase;
			buildActionMask = 2147483647;
			files = (
				2A5B5FFF22F5DE7600A1BF09 /* LeetCode.h in Headers */,
			);
			runOnlyForDeploymentPostprocessing = 0;
		};
/* End PBXHeadersBuildPhase section */

/* Begin PBXNativeTarget section */
		2A5B5FED22F5DE7600A1BF09 /* LeetCode */ = {
			isa = PBXNativeTarget;
			buildConfigurationList = 2A5B600222F5DE7600A1BF09 /* Build configuration list for PBXNativeTarget "LeetCode" */;
			buildPhases = (
				2A5B5FE922F5DE7600A1BF09 /* Headers */,
				2A5B5FEA22F5DE7600A1BF09 /* Sources */,
				2A5B5FEB22F5DE7600A1BF09 /* Frameworks */,
				2A5B5FEC22F5DE7600A1BF09 /* Resources */,
			);
			buildRules = (
			);
			dependencies = (
			);
			name = LeetCode;
			productName = LeetCode;
			productReference = 2A5B5FEE22F5DE7600A1BF09 /* LeetCode.framework */;
			productType = "com.apple.product-type.framework";
		};
		2A5B5FF622F5DE7600A1BF09 /* LeetCodeTests */ = {
			isa = PBXNativeTarget;
			buildConfigurationList = 2A5B600522F5DE7600A1BF09 /* Build configuration list for PBXNativeTarget "LeetCodeTests" */;
			buildPhases = (
				2A5B5FF322F5DE7600A1BF09 /* Sources */,
				2A5B5FF422F5DE7600A1BF09 /* Frameworks */,
				2A5B5FF522F5DE7600A1BF09 /* Resources */,
			);
			buildRules = (
			);
			dependencies = (
				2A5B5FFA22F5DE7600A1BF09 /* PBXTargetDependency */,
			);
			name = LeetCodeTests;
			productName = LeetCodeTests;
			productReference = 2A5B5FF722F5DE7600A1BF09 /* LeetCodeTests.xctest */;
			productType = "com.apple.product-type.bundle.unit-test";
		};
/* End PBXNativeTarget section */

/* Begin PBXProject section */
		2A5B5FE522F5DE7600A1BF09 /* Project object */ = {
			isa = PBXProject;
			attributes = {
				LastSwiftUpdateCheck = 1100;
				LastUpgradeCheck = 1100;
				ORGANIZATIONNAME = smart;
				TargetAttributes = {
					2A5B5FED22F5DE7600A1BF09 = {
						CreatedOnToolsVersion = 11.0;
						LastSwiftMigration = 1100;
					};
					2A5B5FF622F5DE7600A1BF09 = {
						CreatedOnToolsVersion = 11.0;
					};
				};
			};
			buildConfigurationList = 2A5B5FE822F5DE7600A1BF09 /* Build configuration list for PBXProject "LeetCode" */;
			compatibilityVersion = "Xcode 9.3";
			developmentRegion = en;
			hasScannedForEncodings = 0;
			knownRegions = (
				en,
				Base,
			);
			mainGroup = 2A5B5FE422F5DE7600A1BF09;
			productRefGroup = 2A5B5FEF22F5DE7600A1BF09 /* Products */;
			projectDirPath = "";
			projectRoot = "";
			targets = (
				2A5B5FED22F5DE7600A1BF09 /* LeetCode */,
				2A5B5FF622F5DE7600A1BF09 /* LeetCodeTests */,
			);
		};
/* End PBXProject section */

/* Begin PBXResourcesBuildPhase section */
		2A5B5FEC22F5DE7600A1BF09 /* Resources */ = {
			isa = PBXResourcesBuildPhase;
			buildActionMask = 2147483647;
			files = (
			);
			runOnlyForDeploymentPostprocessing = 0;
		};
		2A5B5FF522F5DE7600A1BF09 /* Resources */ = {
			isa = PBXResourcesBuildPhase;
			buildActionMask = 2147483647;
			files = (
			);
			runOnlyForDeploymentPostprocessing = 0;
		};
/* End PBXResourcesBuildPhase section */

/* Begin PBXSourcesBuildPhase section */
		2A5B5FEA22F5DE7600A1BF09 /* Sources */ = {
			isa = PBXSourcesBuildPhase;
			buildActionMask = 2147483647;
			files = (
				2A65BC772354195F004BBEAF /* Problem198.swift in Sources */,
				2A3B36112350D21000519E06 /* Problem300.swift in Sources */,
				2A65BC722351E42E004BBEAF /* Problem140.swift in Sources */,
				2AD862202356EA7A00981142 /* Problem152.swift in Sources */,
				2AD8626F2359B7E500981142 /* LintCode43.swift in Sources */,
				2A3B361923561AB500519E06 /* Problem53.swift in Sources */,
				2AD8621023556A8C00981142 /* Problem1143.swift in Sources */,
				2A3B363223688DFC00519E06 /* LintCode513.swift in Sources */,
				2A706B132348D4C000FDD7C4 /* Problem256.swift in Sources */,
				2AD862282357120F00981142 /* Problem122.swift in Sources */,
				2A3D835C23545CC800CAF64B /* Problem213.swift in Sources */,
				2A3B362523657B7F00519E06 /* LintCode440.swift in Sources */,
				2A0CC9FF234ACB1400481AE1 /* Problem543.swift in Sources */,
				2AD862562358187000981142 /* Problem123.swift in Sources */,
				2ADB7ED6236C2DAA003FFCAA /* LintCode564.swift in Sources */,
				2A82BBE1234494AF00F0D932 /* Problem.swift in Sources */,
				2A3B36152354CDED00519E06 /* Problem343.swift in Sources */,
				2AD862182355A66C00981142 /* Problem97.swift in Sources */,
				2A5B600D22F5DF0600A1BF09 /* Tree.swift in Sources */,
				2A65BC6223507016004BBEAF /* Problem45.swift in Sources */,
				2A65BC6E2351BD0E004BBEAF /* Problem139.swift in Sources */,
				2A706B24234986ED00FDD7C4 /* Problem64.swift in Sources */,
				2AD8625D2358971F00981142 /* Problem188.swift in Sources */,
				2ABB864E2344D1B2004C8DFC /* Problem62.swift in Sources */,
				2A3B3629236584D300519E06 /* LintCode562.swift in Sources */,
				2A706B172348EB9700FDD7C4 /* Problem91.swift in Sources */,
				2AE41D6A23477B7600105341 /* Problem63.swift in Sources */,
				2A3B363B2369F52900519E06 /* LintCode437.swift in Sources */,
				2AD8626B23599D1400981142 /* Problem611.swift in Sources */,
				2A5B839F2343AA51004D9389 /* Problem322.swift in Sources */,
				2AD862142355743F00981142 /* Problem72.swift in Sources */,
				2A3B362D2365C5E900519E06 /* LintCode563.swift in Sources */,
				2ABFF4982344E62100D63ED8 /* Problem55.swift in Sources */,
				2AD8626323595F6E00981142 /* LintCode42.swift in Sources */,
				2AD862242356F2FF00981142 /* Problem121.swift in Sources */,
				2A65BC682351A1D7004BBEAF /* Problem221.swift in Sources */,
				2A3B36372369DFAF00519E06 /* Problem132.swift in Sources */,
				2A706B1B23497E2100FDD7C4 /* Problem674.swift in Sources */,
				2AD8621C2355B89B00981142 /* Problem115.swift in Sources */,
			);
			runOnlyForDeploymentPostprocessing = 0;
		};
		2A5B5FF322F5DE7600A1BF09 /* Sources */ = {
			isa = PBXSourcesBuildPhase;
			buildActionMask = 2147483647;
			files = (
				2A3B362723657F8F00519E06 /* LintCode440Tests.swift in Sources */,
				2A65BC7523520330004BBEAF /* Problem140Tests.swift in Sources */,
				2A3B36352368916F00519E06 /* LintCode513Tests.swift in Sources */,
				2AE41D6C2347828B00105341 /* Problem63Tests.swift in Sources */,
				2AD8626D23599D3F00981142 /* Problem611Tests.swift in Sources */,
				2AD862262356F9D700981142 /* Problem121Tests.swift in Sources */,
				2A65BC6423507569004BBEAF /* Problem45Tests.swift in Sources */,
				2ABFF49A2344EAFD00D63ED8 /* Problem55Tests.swift in Sources */,
				2A3B362F2365CF5E00519E06 /* LintCode563Tests.swift in Sources */,
				2A3B36132350D2BC00519E06 /* Problem300Tests.swift in Sources */,
				2A706B152348DA6700FDD7C4 /* Problem256Tests.swift in Sources */,
				2A65BC7923542096004BBEAF /* Problem198Tests.swift in Sources */,
				2ADB7ED8236C37DC003FFCAA /* LintCode564Tests.swift in Sources */,
				2A5B601122F708AF00A1BF09 /* Problem543Tests.swift in Sources */,
				2A3B36172354D3E700519E06 /* Problem343Tests.swift in Sources */,
				2AD8625823583E1A00981142 /* Problem123Tests.swift in Sources */,
				2AD8621E2355BAD700981142 /* Problem115Tests.swift in Sources */,
				2A65BC6C2351A6CF004BBEAF /* Problem221Tests.swift in Sources */,
				2AD8625F2358976700981142 /* Problem188Tests.swift in Sources */,
				2A3B36392369E93B00519E06 /* Problem132Tests.swift in Sources */,
				2A3B363D2369F86E00519E06 /* LintCode437Tests.swift in Sources */,
				2A5B600F22F5E0A400A1BF09 /* TreeTests.swift in Sources */,
				2A706B192348F55900FDD7C4 /* Problem91Tests.swift in Sources */,
				2A3B362B2365853800519E06 /* LintCode562Tests.swift in Sources */,
				2A65BC702351C691004BBEAF /* Problem139Tests.swift in Sources */,
				2AD862162355747200981142 /* Problem72Tests.swift in Sources */,
				2A5B83A12343AAA2004D9389 /* Problem322Tests.swift in Sources */,
				2A3D835E23545FBE00CAF64B /* Problem213Tests.swift in Sources */,
				2AD862652359653F00981142 /* LintCode42Tests.swift in Sources */,
				2AD8621223556AC200981142 /* Problem1143Tests.swift in Sources */,
				2ABFF4962344DFD100D63ED8 /* Problem62Tests.swift in Sources */,
				2A706B1D23497FCA00FDD7C4 /* Problem674Tests.swift in Sources */,
				2AD862222356EC9600981142 /* Problem152Tests.swift in Sources */,
				2A3B361B23561C9700519E06 /* Problem53Tests.swift in Sources */,
				2A0CC9F623498E7C00481AE1 /* Problem64Tests.swift in Sources */,
				2AD8621A2355A6FD00981142 /* Problem97Tests.swift in Sources */,
				2AD862712359B83000981142 /* LintCode43Tests.swift in Sources */,
				2AD862542358126600981142 /* Problem122Tests.swift in Sources */,
			);
			runOnlyForDeploymentPostprocessing = 0;
		};
/* End PBXSourcesBuildPhase section */

/* Begin PBXTargetDependency section */
		2A5B5FFA22F5DE7600A1BF09 /* PBXTargetDependency */ = {
			isa = PBXTargetDependency;
			target = 2A5B5FED22F5DE7600A1BF09 /* LeetCode */;
			targetProxy = 2A5B5FF922F5DE7600A1BF09 /* PBXContainerItemProxy */;
		};
/* End PBXTargetDependency section */

/* Begin XCBuildConfiguration section */
		2A5B600022F5DE7600A1BF09 /* Debug */ = {
			isa = XCBuildConfiguration;
			buildSettings = {
				ALWAYS_SEARCH_USER_PATHS = NO;
				CLANG_ANALYZER_NONNULL = YES;
				CLANG_ANALYZER_NUMBER_OBJECT_CONVERSION = YES_AGGRESSIVE;
				CLANG_CXX_LANGUAGE_STANDARD = "gnu++14";
				CLANG_CXX_LIBRARY = "libc++";
				CLANG_ENABLE_MODULES = YES;
				CLANG_ENABLE_OBJC_ARC = YES;
				CLANG_ENABLE_OBJC_WEAK = YES;
				CLANG_WARN_BLOCK_CAPTURE_AUTORELEASING = YES;
				CLANG_WARN_BOOL_CONVERSION = YES;
				CLANG_WARN_COMMA = YES;
				CLANG_WARN_CONSTANT_CONVERSION = YES;
				CLANG_WARN_DEPRECATED_OBJC_IMPLEMENTATIONS = YES;
				CLANG_WARN_DIRECT_OBJC_ISA_USAGE = YES_ERROR;
				CLANG_WARN_DOCUMENTATION_COMMENTS = YES;
				CLANG_WARN_EMPTY_BODY = YES;
				CLANG_WARN_ENUM_CONVERSION = YES;
				CLANG_WARN_INFINITE_RECURSION = YES;
				CLANG_WARN_INT_CONVERSION = YES;
				CLANG_WARN_NON_LITERAL_NULL_CONVERSION = YES;
				CLANG_WARN_OBJC_IMPLICIT_RETAIN_SELF = YES;
				CLANG_WARN_OBJC_LITERAL_CONVERSION = YES;
				CLANG_WARN_OBJC_ROOT_CLASS = YES_ERROR;
				CLANG_WARN_RANGE_LOOP_ANALYSIS = YES;
				CLANG_WARN_STRICT_PROTOTYPES = YES;
				CLANG_WARN_SUSPICIOUS_MOVE = YES;
				CLANG_WARN_UNGUARDED_AVAILABILITY = YES_AGGRESSIVE;
				CLANG_WARN_UNREACHABLE_CODE = YES;
				CLANG_WARN__DUPLICATE_METHOD_MATCH = YES;
				COPY_PHASE_STRIP = NO;
				CURRENT_PROJECT_VERSION = 1;
				DEBUG_INFORMATION_FORMAT = dwarf;
				ENABLE_STRICT_OBJC_MSGSEND = YES;
				ENABLE_TESTABILITY = YES;
				GCC_C_LANGUAGE_STANDARD = gnu11;
				GCC_DYNAMIC_NO_PIC = NO;
				GCC_NO_COMMON_BLOCKS = YES;
				GCC_OPTIMIZATION_LEVEL = 0;
				GCC_PREPROCESSOR_DEFINITIONS = (
					"DEBUG=1",
					"$(inherited)",
				);
				GCC_WARN_64_TO_32_BIT_CONVERSION = YES;
				GCC_WARN_ABOUT_RETURN_TYPE = YES_ERROR;
				GCC_WARN_UNDECLARED_SELECTOR = YES;
				GCC_WARN_UNINITIALIZED_AUTOS = YES_AGGRESSIVE;
				GCC_WARN_UNUSED_FUNCTION = YES;
				GCC_WARN_UNUSED_VARIABLE = YES;
				MACOSX_DEPLOYMENT_TARGET = 10.15;
				MTL_ENABLE_DEBUG_INFO = INCLUDE_SOURCE;
				MTL_FAST_MATH = YES;
				ONLY_ACTIVE_ARCH = YES;
				SDKROOT = macosx;
				SWIFT_ACTIVE_COMPILATION_CONDITIONS = DEBUG;
				SWIFT_OPTIMIZATION_LEVEL = "-Onone";
				VERSIONING_SYSTEM = "apple-generic";
				VERSION_INFO_PREFIX = "";
			};
			name = Debug;
		};
		2A5B600122F5DE7600A1BF09 /* Release */ = {
			isa = XCBuildConfiguration;
			buildSettings = {
				ALWAYS_SEARCH_USER_PATHS = NO;
				CLANG_ANALYZER_NONNULL = YES;
				CLANG_ANALYZER_NUMBER_OBJECT_CONVERSION = YES_AGGRESSIVE;
				CLANG_CXX_LANGUAGE_STANDARD = "gnu++14";
				CLANG_CXX_LIBRARY = "libc++";
				CLANG_ENABLE_MODULES = YES;
				CLANG_ENABLE_OBJC_ARC = YES;
				CLANG_ENABLE_OBJC_WEAK = YES;
				CLANG_WARN_BLOCK_CAPTURE_AUTORELEASING = YES;
				CLANG_WARN_BOOL_CONVERSION = YES;
				CLANG_WARN_COMMA = YES;
				CLANG_WARN_CONSTANT_CONVERSION = YES;
				CLANG_WARN_DEPRECATED_OBJC_IMPLEMENTATIONS = YES;
				CLANG_WARN_DIRECT_OBJC_ISA_USAGE = YES_ERROR;
				CLANG_WARN_DOCUMENTATION_COMMENTS = YES;
				CLANG_WARN_EMPTY_BODY = YES;
				CLANG_WARN_ENUM_CONVERSION = YES;
				CLANG_WARN_INFINITE_RECURSION = YES;
				CLANG_WARN_INT_CONVERSION = YES;
				CLANG_WARN_NON_LITERAL_NULL_CONVERSION = YES;
				CLANG_WARN_OBJC_IMPLICIT_RETAIN_SELF = YES;
				CLANG_WARN_OBJC_LITERAL_CONVERSION = YES;
				CLANG_WARN_OBJC_ROOT_CLASS = YES_ERROR;
				CLANG_WARN_RANGE_LOOP_ANALYSIS = YES;
				CLANG_WARN_STRICT_PROTOTYPES = YES;
				CLANG_WARN_SUSPICIOUS_MOVE = YES;
				CLANG_WARN_UNGUARDED_AVAILABILITY = YES_AGGRESSIVE;
				CLANG_WARN_UNREACHABLE_CODE = YES;
				CLANG_WARN__DUPLICATE_METHOD_MATCH = YES;
				COPY_PHASE_STRIP = NO;
				CURRENT_PROJECT_VERSION = 1;
				DEBUG_INFORMATION_FORMAT = "dwarf-with-dsym";
				ENABLE_NS_ASSERTIONS = NO;
				ENABLE_STRICT_OBJC_MSGSEND = YES;
				GCC_C_LANGUAGE_STANDARD = gnu11;
				GCC_NO_COMMON_BLOCKS = YES;
				GCC_WARN_64_TO_32_BIT_CONVERSION = YES;
				GCC_WARN_ABOUT_RETURN_TYPE = YES_ERROR;
				GCC_WARN_UNDECLARED_SELECTOR = YES;
				GCC_WARN_UNINITIALIZED_AUTOS = YES_AGGRESSIVE;
				GCC_WARN_UNUSED_FUNCTION = YES;
				GCC_WARN_UNUSED_VARIABLE = YES;
				MACOSX_DEPLOYMENT_TARGET = 10.15;
				MTL_ENABLE_DEBUG_INFO = NO;
				MTL_FAST_MATH = YES;
				SDKROOT = macosx;
				SWIFT_COMPILATION_MODE = wholemodule;
				SWIFT_OPTIMIZATION_LEVEL = "-O";
				VERSIONING_SYSTEM = "apple-generic";
				VERSION_INFO_PREFIX = "";
			};
			name = Release;
		};
		2A5B600322F5DE7600A1BF09 /* Debug */ = {
			isa = XCBuildConfiguration;
			buildSettings = {
				CLANG_ENABLE_MODULES = YES;
				CODE_SIGN_IDENTITY = "-";
				CODE_SIGN_STYLE = Automatic;
				COMBINE_HIDPI_IMAGES = YES;
				DEFINES_MODULE = YES;
				DEVELOPMENT_TEAM = 543F7AK74D;
				DYLIB_COMPATIBILITY_VERSION = 1;
				DYLIB_CURRENT_VERSION = 1;
				DYLIB_INSTALL_NAME_BASE = "@rpath";
				INFOPLIST_FILE = LeetCode/Info.plist;
				INSTALL_PATH = "$(LOCAL_LIBRARY_DIR)/Frameworks";
				LD_RUNPATH_SEARCH_PATHS = (
					"$(inherited)",
					"@executable_path/../Frameworks",
					"@loader_path/Frameworks",
				);
				PRODUCT_BUNDLE_IDENTIFIER = com.cxjwin.LeetCode;
				PRODUCT_NAME = "$(TARGET_NAME:c99extidentifier)";
				SKIP_INSTALL = YES;
				SWIFT_OPTIMIZATION_LEVEL = "-Onone";
				SWIFT_VERSION = 5.0;
			};
			name = Debug;
		};
		2A5B600422F5DE7600A1BF09 /* Release */ = {
			isa = XCBuildConfiguration;
			buildSettings = {
				CLANG_ENABLE_MODULES = YES;
				CODE_SIGN_IDENTITY = "-";
				CODE_SIGN_STYLE = Automatic;
				COMBINE_HIDPI_IMAGES = YES;
				DEFINES_MODULE = YES;
				DEVELOPMENT_TEAM = 543F7AK74D;
				DYLIB_COMPATIBILITY_VERSION = 1;
				DYLIB_CURRENT_VERSION = 1;
				DYLIB_INSTALL_NAME_BASE = "@rpath";
				INFOPLIST_FILE = LeetCode/Info.plist;
				INSTALL_PATH = "$(LOCAL_LIBRARY_DIR)/Frameworks";
				LD_RUNPATH_SEARCH_PATHS = (
					"$(inherited)",
					"@executable_path/../Frameworks",
					"@loader_path/Frameworks",
				);
				PRODUCT_BUNDLE_IDENTIFIER = com.cxjwin.LeetCode;
				PRODUCT_NAME = "$(TARGET_NAME:c99extidentifier)";
				SKIP_INSTALL = YES;
				SWIFT_VERSION = 5.0;
			};
			name = Release;
		};
		2A5B600622F5DE7600A1BF09 /* Debug */ = {
			isa = XCBuildConfiguration;
			buildSettings = {
				ALWAYS_EMBED_SWIFT_STANDARD_LIBRARIES = YES;
				CODE_SIGN_IDENTITY = "-";
				CODE_SIGN_STYLE = Automatic;
				COMBINE_HIDPI_IMAGES = YES;
				DEVELOPMENT_TEAM = 543F7AK74D;
				INFOPLIST_FILE = LeetCodeTests/Info.plist;
				LD_RUNPATH_SEARCH_PATHS = (
					"$(inherited)",
					"@executable_path/../Frameworks",
					"@loader_path/../Frameworks",
				);
				PRODUCT_BUNDLE_IDENTIFIER = com.cxjwin.LeetCodeTests;
				PRODUCT_NAME = "$(TARGET_NAME)";
				SWIFT_VERSION = 5.0;
			};
			name = Debug;
		};
		2A5B600722F5DE7600A1BF09 /* Release */ = {
			isa = XCBuildConfiguration;
			buildSettings = {
				ALWAYS_EMBED_SWIFT_STANDARD_LIBRARIES = YES;
				CODE_SIGN_IDENTITY = "-";
				CODE_SIGN_STYLE = Automatic;
				COMBINE_HIDPI_IMAGES = YES;
				DEVELOPMENT_TEAM = 543F7AK74D;
				INFOPLIST_FILE = LeetCodeTests/Info.plist;
				LD_RUNPATH_SEARCH_PATHS = (
					"$(inherited)",
					"@executable_path/../Frameworks",
					"@loader_path/../Frameworks",
				);
				PRODUCT_BUNDLE_IDENTIFIER = com.cxjwin.LeetCodeTests;
				PRODUCT_NAME = "$(TARGET_NAME)";
				SWIFT_VERSION = 5.0;
			};
			name = Release;
		};
/* End XCBuildConfiguration section */

/* Begin XCConfigurationList section */
		2A5B5FE822F5DE7600A1BF09 /* Build configuration list for PBXProject "LeetCode" */ = {
			isa = XCConfigurationList;
			buildConfigurations = (
				2A5B600022F5DE7600A1BF09 /* Debug */,
				2A5B600122F5DE7600A1BF09 /* Release */,
			);
			defaultConfigurationIsVisible = 0;
			defaultConfigurationName = Release;
		};
		2A5B600222F5DE7600A1BF09 /* Build configuration list for PBXNativeTarget "LeetCode" */ = {
			isa = XCConfigurationList;
			buildConfigurations = (
				2A5B600322F5DE7600A1BF09 /* Debug */,
				2A5B600422F5DE7600A1BF09 /* Release */,
			);
			defaultConfigurationIsVisible = 0;
			defaultConfigurationName = Release;
		};
		2A5B600522F5DE7600A1BF09 /* Build configuration list for PBXNativeTarget "LeetCodeTests" */ = {
			isa = XCConfigurationList;
			buildConfigurations = (
				2A5B600622F5DE7600A1BF09 /* Debug */,
				2A5B600722F5DE7600A1BF09 /* Release */,
			);
			defaultConfigurationIsVisible = 0;
			defaultConfigurationName = Release;
		};
/* End XCConfigurationList section */
	};
	rootObject = 2A5B5FE522F5DE7600A1BF09 /* Project object */;
}
